
Microsoft Visual Studio Solution File, Format Version 12.00
# Visual Studio Version 16
VisualStudioVersion = 16.0.35425.106
MinimumVisualStudioVersion = 10.0.40219.1
Project("{8BC9CEB8-8B4A-11D0-8D11-00A0C91BC942}") = "Chinese_Remainder_Theorem", "Chinese_Remainder_Theorem.vcxproj", "{9E3E9222-84D2-4906-9FE1-51942FA0DB80}"
EndProject
Global
	GlobalSection(SolutionConfigurationPlatforms) = preSolution
		Debug|x64 = Debug|x64
		Debug|x86 = Debug|x86
		Release|x64 = Release|x64
		Release|x86 = Release|x86
	EndGlobalSection
	GlobalSection(ProjectConfigurationPlatforms) = postSolution
		{9E3E9222-84D2-4906-9FE1-51942FA0DB80}.Debug|x64.ActiveCfg = Debug|x64
		{9E3E9222-84D2-4906-9FE1-51942FA0DB80}.Debug|x64.Build.0 = Debug|x64
		{9E3E9222-84D2-4906-9FE1-51942FA0DB80}.Debug|x86.ActiveCfg = Debug|Win32
		{9E3E9222-84D2-4906-9FE1-51942FA0DB80}.Debug|x86.Build.0 = Debug|Win32
		{9E3E9222-84D2-4906-9FE1-51942FA0DB80}.Release|x64.ActiveCfg = Release|x64
		{9E3E9222-84D2-4906-9FE1-51942FA0DB80}.Release|x64.Build.0 = Release|x64
		{9E3E9222-84D2-4906-9FE1-51942FA0DB80}.Release|x86.ActiveCfg = Release|Win32
		{9E3E9222-84D2-4906-9FE1-51942FA0DB80}.Release|x86.Build.0 = Release|Win32
	EndGlobalSection
	GlobalSection(SolutionProperties) = preSolution
		HideSolutionNode = FALSE
	EndGlobalSection
	GlobalSection(ExtensibilityGlobals) = postSolution
		SolutionGuid = {6C707A87-AE47-4305-A05B-FF7FA567863E}
	EndGlobalSection
EndGlobal
